{
  "name": "dopplr-client",
  "requires": true,
  "lockfileVersion": 1,
  "dependencies": {
    "fast-plist": {
      "version": "0.1.2",
      "resolved": "https://registry.npmjs.org/fast-plist/-/fast-plist-0.1.2.tgz",
      "integrity": "sha1-pFr/NFGWAG1AbKbNzQX2kFHvNbg="
    },
    "lodash.kebabcase": {
      "version": "4.1.1",
      "resolved": "https://registry.npmjs.org/lodash.kebabcase/-/lodash.kebabcase-4.1.1.tgz",
      "integrity": "sha1-hImxyw0p/4gZXM7KRI/21swpXDY="
    },
    "lodash.throttle": {
      "version": "4.1.1",
      "resolved": "https://registry.npmjs.org/lodash.throttle/-/lodash.throttle-4.1.1.tgz",
      "integrity": "sha1-wj6RtxAkKscMN/HhzaknTMOb8vQ="
    },
    "monaco-emacs": {
      "version": "0.2.2",
      "resolved": "https://registry.npmjs.org/monaco-emacs/-/monaco-emacs-0.2.2.tgz",
      "integrity": "sha512-v2FefXBSRc5WZC5jbfJ1F+kj1Nh4EO5Zxfubh8v4k/npveJzh0VmVUkMlpi1IeodcM4vIuJVZglpFr6ZM70Bkg==",
      "requires": {
        "lodash.kebabcase": "^4.1.1",
        "lodash.throttle": "^4.1.1"
      }
    },
    "monaco-themes": {
      "version": "0.3.3",
      "resolved": "https://registry.npmjs.org/monaco-themes/-/monaco-themes-0.3.3.tgz",
      "integrity": "sha512-0yygYHg3hZhMhlYkP2eMAMurLSyVDqA7ZOjHJSz0LNxra2hxuAGjKFdoBGXnG+VykT6u8bc5uZWF8G35NMC3Gw==",
      "requires": {
        "fast-plist": "^0.1.2"
      }
    }
  }
}
